
Microsoft Visual Studio Solution File, Format Version 12.00
# Visual Studio Version 17
VisualStudioVersion = 17.1.31911.260
MinimumVisualStudioVersion = 10.0.40219.1
Project("{FAE04EC0-301F-11D3-BF4B-00C04F79EFBC}") = "Lesson2", "Lesson2\Lesson2.csproj", "{2A518BA6-673D-47D8-95A4-AA2AE0A71901}"
EndProject
Global
	GlobalSection(SolutionConfigurationPlatforms) = preSolution
		Debug|Any CPU = Debug|Any CPU
		Release|Any CPU = Release|Any CPU
	EndGlobalSection
	GlobalSection(ProjectConfigurationPlatforms) = postSolution
		{2A518BA6-673D-47D8-95A4-AA2AE0A71901}.Debug|Any CPU.ActiveCfg = Debug|Any CPU
		{2A518BA6-673D-47D8-95A4-AA2AE0A71901}.Debug|Any CPU.Build.0 = Debug|Any CPU
		{2A518BA6-673D-47D8-95A4-AA2AE0A71901}.Release|Any CPU.ActiveCfg = Release|Any CPU
		{2A518BA6-673D-47D8-95A4-AA2AE0A71901}.Release|Any CPU.Build.0 = Release|Any CPU
	EndGlobalSection
	GlobalSection(SolutionProperties) = preSolution
		HideSolutionNode = FALSE
	EndGlobalSection
	GlobalSection(ExtensibilityGlobals) = postSolution
		SolutionGuid = {2BCE1011-0D6F-4D6D-ACCE-E958FA57A529}
	EndGlobalSection
EndGlobal
